
Microsoft Visual Studio Solution File, Format Version 12.00
# Visual Studio Version 17
VisualStudioVersion = 17.9.34728.123
MinimumVisualStudioVersion = 10.0.40219.1
Project("{9A19103F-16F7-4668-BE54-9A1E7A4F7556}") = "EXE201MealHunt", "EXE201MealHunt\EXE201MealHunt.csproj", "{F08BD2C8-B75C-4EF2-864B-FBAA4BF02F29}"
EndProject
Project("{9A19103F-16F7-4668-BE54-9A1E7A4F7556}") = "Repositories", "Repositories\Repositories.csproj", "{064E785D-6D32-4F24-ABDC-D3A4E4CEC8BF}"
EndProject
Project("{9A19103F-16F7-4668-BE54-9A1E7A4F7556}") = "Services", "Services\Services.csproj", "{175156D2-0B9D-4540-84C7-95472CEFA25E}"
EndProject
Global
	GlobalSection(SolutionConfigurationPlatforms) = preSolution
		Debug|Any CPU = Debug|Any CPU
		Release|Any CPU = Release|Any CPU
	EndGlobalSection
	GlobalSection(ProjectConfigurationPlatforms) = postSolution
		{F08BD2C8-B75C-4EF2-864B-FBAA4BF02F29}.Debug|Any CPU.ActiveCfg = Debug|Any CPU
		{F08BD2C8-B75C-4EF2-864B-FBAA4BF02F29}.Debug|Any CPU.Build.0 = Debug|Any CPU
		{F08BD2C8-B75C-4EF2-864B-FBAA4BF02F29}.Release|Any CPU.ActiveCfg = Release|Any CPU
		{F08BD2C8-B75C-4EF2-864B-FBAA4BF02F29}.Release|Any CPU.Build.0 = Release|Any CPU
		{064E785D-6D32-4F24-ABDC-D3A4E4CEC8BF}.Debug|Any CPU.ActiveCfg = Debug|Any CPU
		{064E785D-6D32-4F24-ABDC-D3A4E4CEC8BF}.Debug|Any CPU.Build.0 = Debug|Any CPU
		{064E785D-6D32-4F24-ABDC-D3A4E4CEC8BF}.Release|Any CPU.ActiveCfg = Release|Any CPU
		{064E785D-6D32-4F24-ABDC-D3A4E4CEC8BF}.Release|Any CPU.Build.0 = Release|Any CPU
		{175156D2-0B9D-4540-84C7-95472CEFA25E}.Debug|Any CPU.ActiveCfg = Debug|Any CPU
		{175156D2-0B9D-4540-84C7-95472CEFA25E}.Debug|Any CPU.Build.0 = Debug|Any CPU
		{175156D2-0B9D-4540-84C7-95472CEFA25E}.Release|Any CPU.ActiveCfg = Release|Any CPU
		{175156D2-0B9D-4540-84C7-95472CEFA25E}.Release|Any CPU.Build.0 = Release|Any CPU
	EndGlobalSection
	GlobalSection(SolutionProperties) = preSolution
		HideSolutionNode = FALSE
	EndGlobalSection
	GlobalSection(ExtensibilityGlobals) = postSolution
		SolutionGuid = {C4378AB1-7E1B-426E-853A-B8B9A7833E4B}
	EndGlobalSection
EndGlobal
